
Microsoft Visual Studio Solution File, Format Version 12.00
# Visual Studio 2013
VisualStudioVersion = 12.0.30324.0
MinimumVisualStudioVersion = 10.0.40219.1
Project("{FAE04EC0-301F-11D3-BF4B-00C04F79EFBC}") = "Cygni.PokerClient", "Cygni.PokerClient\Cygni.PokerClient.csproj", "{33039F3C-E7E4-49F3-85D5-97D6F9764B0A}"
EndProject
Project("{FAE04EC0-301F-11D3-BF4B-00C04F79EFBC}") = "Cygni.PokerClient.Tests", "Cygni.PokerClient.Tests\Cygni.PokerClient.Tests.csproj", "{A09DBFAD-67DD-4C5F-98A7-6794A7F88E25}"
EndProject
Global
	GlobalSection(SolutionConfigurationPlatforms) = preSolution
		Debug|Any CPU = Debug|Any CPU
		Release|Any CPU = Release|Any CPU
	EndGlobalSection
	GlobalSection(ProjectConfigurationPlatforms) = postSolution
		{33039F3C-E7E4-49F3-85D5-97D6F9764B0A}.Debug|Any CPU.ActiveCfg = Debug|Any CPU
		{33039F3C-E7E4-49F3-85D5-97D6F9764B0A}.Debug|Any CPU.Build.0 = Debug|Any CPU
		{33039F3C-E7E4-49F3-85D5-97D6F9764B0A}.Release|Any CPU.ActiveCfg = Release|Any CPU
		{33039F3C-E7E4-49F3-85D5-97D6F9764B0A}.Release|Any CPU.Build.0 = Release|Any CPU
		{A09DBFAD-67DD-4C5F-98A7-6794A7F88E25}.Debug|Any CPU.ActiveCfg = Debug|Any CPU
		{A09DBFAD-67DD-4C5F-98A7-6794A7F88E25}.Debug|Any CPU.Build.0 = Debug|Any CPU
		{A09DBFAD-67DD-4C5F-98A7-6794A7F88E25}.Release|Any CPU.ActiveCfg = Release|Any CPU
		{A09DBFAD-67DD-4C5F-98A7-6794A7F88E25}.Release|Any CPU.Build.0 = Release|Any CPU
	EndGlobalSection
	GlobalSection(SolutionProperties) = preSolution
		HideSolutionNode = FALSE
	EndGlobalSection
EndGlobal
